Microsoft Visual Studio Solution File, Format Version 12.00
# Visual Studio Version 17
VisualStudioVersion = 17.13.35825.156
MinimumVisualStudioVersion = 10.0.40219.1
Project("{FAE04EC0-301F-11D3-BF4B-00C04F79EFBC}") = "DSnA", "DSnA\DSnA.csproj", "{B10B7ED1-6EAA-426D-9A2B-76C9CBFFF60E}"
EndProject
Global
	GlobalSection(SolutionConfigurationPlatforms) = preSolution
		Debug|Any CPU = Debug|Any CPU
		Release|Any CPU = Release|Any CPU
	EndGlobalSection
	GlobalSection(ProjectConfigurationPlatforms) = postSolution
		{B10B7ED1-6EAA-426D-9A2B-76C9CBFFF60E}.Debug|Any CPU.ActiveCfg = Debug|Any CPU
		{B10B7ED1-6EAA-426D-9A2B-76C9CBFFF60E}.Debug|Any CPU.Build.0 = Debug|Any CPU
		{B10B7ED1-6EAA-426D-9A2B-76C9CBFFF60E}.Release|Any CPU.ActiveCfg = Release|Any CPU
		{B10B7ED1-6EAA-426D-9A2B-76C9CBFFF60E}.Release|Any CPU.Build.0 = Release|Any CPU
	EndGlobalSection
	GlobalSection(SolutionProperties) = preSolution
		HideSolutionNode = FALSE
	EndGlobalSection
	GlobalSection(ExtensibilityGlobals) = postSolution
		SolutionGuid = {74FD1C36-5181-4133-BF48-7665A80DD12A}
	EndGlobalSection
EndGlobal
